
Microsoft Visual Studio Solution File, Format Version 12.00
# Visual Studio Version 17
VisualStudioVersion = 17.7.34018.315
MinimumVisualStudioVersion = 10.0.40219.1
Project("{8BC9CEB8-8B4A-11D0-8D11-00A0C91BC942}") = "gamex86.real", "LOX2010.vcxproj", "{AA4F5DC4-719E-4581-9A82-D8FBA585E44E}"
EndProject
Project("{2150E333-8FDC-42A3-9474-1A3956D46DE8}") = "Solution Items", "Solution Items", "{28E4D837-6EB3-4068-85D6-CF6B1D31EA48}"
EndProject
Project("{8BC9CEB8-8B4A-11D0-8D11-00A0C91BC942}") = "q2admin", "..\..\q2admin-tsmod\q2admin.vcxproj", "{586D988F-052A-0FC6-4AA4-663C56FD3227}"
EndProject
Project("{8BC9CEB8-8B4A-11D0-8D11-00A0C91BC942}") = "gamex86", "..\..\GameCam\GameCam.vcxproj", "{479A427F-0B08-4F66-8E51-218851C293B3}"
EndProject
Global
	GlobalSection(SolutionConfigurationPlatforms) = preSolution
		Debug|Win32 = Debug|Win32
		Debug|x64 = Debug|x64
		Release|Win32 = Release|Win32
		Release|x64 = Release|x64
	EndGlobalSection
	GlobalSection(ProjectConfigurationPlatforms) = postSolution
		{AA4F5DC4-719E-4581-9A82-D8FBA585E44E}.Debug|Win32.ActiveCfg = Debug|Win32
		{AA4F5DC4-719E-4581-9A82-D8FBA585E44E}.Debug|Win32.Build.0 = Debug|Win32
		{AA4F5DC4-719E-4581-9A82-D8FBA585E44E}.Debug|x64.ActiveCfg = Debug|x64
		{AA4F5DC4-719E-4581-9A82-D8FBA585E44E}.Debug|x64.Build.0 = Debug|x64
		{AA4F5DC4-719E-4581-9A82-D8FBA585E44E}.Release|Win32.ActiveCfg = Release|Win32
		{AA4F5DC4-719E-4581-9A82-D8FBA585E44E}.Release|Win32.Build.0 = Release|Win32
		{AA4F5DC4-719E-4581-9A82-D8FBA585E44E}.Release|x64.ActiveCfg = Release|x64
		{AA4F5DC4-719E-4581-9A82-D8FBA585E44E}.Release|x64.Build.0 = Release|x64
		{586D988F-052A-0FC6-4AA4-663C56FD3227}.Debug|Win32.ActiveCfg = Debug|Win32
		{586D988F-052A-0FC6-4AA4-663C56FD3227}.Debug|Win32.Build.0 = Debug|Win32
		{586D988F-052A-0FC6-4AA4-663C56FD3227}.Debug|x64.ActiveCfg = Debug|x64
		{586D988F-052A-0FC6-4AA4-663C56FD3227}.Debug|x64.Build.0 = Debug|x64
		{586D988F-052A-0FC6-4AA4-663C56FD3227}.Release|Win32.ActiveCfg = Release|Win32
		{586D988F-052A-0FC6-4AA4-663C56FD3227}.Release|Win32.Build.0 = Release|Win32
		{586D988F-052A-0FC6-4AA4-663C56FD3227}.Release|x64.ActiveCfg = Release|x64
		{586D988F-052A-0FC6-4AA4-663C56FD3227}.Release|x64.Build.0 = Release|x64
		{479A427F-0B08-4F66-8E51-218851C293B3}.Debug|Win32.ActiveCfg = Debug|Win32
		{479A427F-0B08-4F66-8E51-218851C293B3}.Debug|Win32.Build.0 = Debug|Win32
		{479A427F-0B08-4F66-8E51-218851C293B3}.Debug|x64.ActiveCfg = Debug|x64
		{479A427F-0B08-4F66-8E51-218851C293B3}.Debug|x64.Build.0 = Debug|x64
		{479A427F-0B08-4F66-8E51-218851C293B3}.Release|Win32.ActiveCfg = Release|Win32
		{479A427F-0B08-4F66-8E51-218851C293B3}.Release|Win32.Build.0 = Release|Win32
		{479A427F-0B08-4F66-8E51-218851C293B3}.Release|x64.ActiveCfg = Release|x64
		{479A427F-0B08-4F66-8E51-218851C293B3}.Release|x64.Build.0 = Release|x64
	EndGlobalSection
	GlobalSection(SolutionProperties) = preSolution
		HideSolutionNode = FALSE
	EndGlobalSection
	GlobalSection(NestedProjects) = preSolution
		{AA4F5DC4-719E-4581-9A82-D8FBA585E44E} = {28E4D837-6EB3-4068-85D6-CF6B1D31EA48}
		{586D988F-052A-0FC6-4AA4-663C56FD3227} = {28E4D837-6EB3-4068-85D6-CF6B1D31EA48}
		{479A427F-0B08-4F66-8E51-218851C293B3} = {28E4D837-6EB3-4068-85D6-CF6B1D31EA48}
	EndGlobalSection
	GlobalSection(ExtensibilityGlobals) = postSolution
		SolutionGuid = {FF7F52E7-BAB5-4F90-8AB8-0975B01FE063}
	EndGlobalSection
	GlobalSection(SubversionScc) = preSolution
		Svn-Managed = True
		Manager = AnkhSVN - Subversion Support for Visual Studio
	EndGlobalSection
EndGlobal
