<?xml version="1.0" encoding="utf-8"?>
<Project ToolsVersion="4.0" xmlns="http://schemas.microsoft.com/developer/msbuild/2003">
  <ItemGroup>
    <Filter Include="Source Files">
      <UniqueIdentifier>{4FC737F1-C7A5-4376-A066-2A32D752A2FF}</UniqueIdentifier>
      <Extensions>cpp;c;cc;cxx;def;odl;idl;hpj;bat;asm;asmx</Extensions>
    </Filter>
    <Filter Include="Header Files">
      <UniqueIdentifier>{93995380-89BD-4b04-88EB-625FBE52EBFB}</UniqueIdentifier>
      <Extensions>h;hpp;hxx;hm;inl;inc;xsd</Extensions>
    </Filter>
    <Filter Include="Resource Files">
      <UniqueIdentifier>{67DA6AB6-F800-4c08-8B7A-83BB121AAD01}</UniqueIdentifier>
      <Extensions>rc;ico;cur;bmp;dlg;rc2;rct;bin;rgs;gif;jpg;jpeg;jpe;resx;tiff;tif;png;wav;mfcribbon-ms</Extensions>
    </Filter>
    <Filter Include="Lox Extensions">
      <UniqueIdentifier>{1ed8d1b9-fc72-454e-bdfc-2e58faaa642b}</UniqueIdentifier>
    </Filter>
  </ItemGroup>
  <ItemGroup>
    <ClCompile Include="g_ai.c">
      <Filter>Source Files</Filter>
    </ClCompile>
    <ClCompile Include="g_chase.c">
      <Filter>Source Files</Filter>
    </ClCompile>
    <ClCompile Include="g_cmds.c">
      <Filter>Source Files</Filter>
    </ClCompile>
    <ClCompile Include="g_combat.c">
      <Filter>Source Files</Filter>
    </ClCompile>
    <ClCompile Include="g_devmenu.c">
      <Filter>Source Files</Filter>
    </ClCompile>
    <ClCompile Include="g_ent.c">
      <Filter>Source Files</Filter>
    </ClCompile>
    <ClCompile Include="g_func.c">
      <Filter>Source Files</Filter>
    </ClCompile>
    <ClCompile Include="g_items.c">
      <Filter>Source Files</Filter>
    </ClCompile>
    <ClCompile Include="g_main.c">
      <Filter>Source Files</Filter>
    </ClCompile>
    <ClCompile Include="g_misc.c">
      <Filter>Source Files</Filter>
    </ClCompile>
    <ClCompile Include="g_monster.c">
      <Filter>Source Files</Filter>
    </ClCompile>
    <ClCompile Include="g_phys.c">
      <Filter>Source Files</Filter>
    </ClCompile>
    <ClCompile Include="g_save.c">
      <Filter>Source Files</Filter>
    </ClCompile>
    <ClCompile Include="g_spawn.c">
      <Filter>Source Files</Filter>
    </ClCompile>
    <ClCompile Include="g_svcmds.c">
      <Filter>Source Files</Filter>
    </ClCompile>
    <ClCompile Include="g_target.c">
      <Filter>Source Files</Filter>
    </ClCompile>
    <ClCompile Include="g_team.c">
      <Filter>Source Files</Filter>
    </ClCompile>
    <ClCompile Include="g_trigger.c">
      <Filter>Source Files</Filter>
    </ClCompile>
    <ClCompile Include="g_turret.c">
      <Filter>Source Files</Filter>
    </ClCompile>
    <ClCompile Include="g_utils.c">
      <Filter>Source Files</Filter>
    </ClCompile>
    <ClCompile Include="g_weapon.c">
      <Filter>Source Files</Filter>
    </ClCompile>
    <ClCompile Include="highscorer.c">
      <Filter>Source Files</Filter>
    </ClCompile>
    <ClCompile Include="jetpack.c">
      <Filter>Source Files</Filter>
    </ClCompile>
    <ClCompile Include="m_actor.c">
      <Filter>Source Files</Filter>
    </ClCompile>
    <ClCompile Include="m_berserk.c">
      <Filter>Source Files</Filter>
    </ClCompile>
    <ClCompile Include="m_boss2.c">
      <Filter>Source Files</Filter>
    </ClCompile>
    <ClCompile Include="m_boss3.c">
      <Filter>Source Files</Filter>
    </ClCompile>
    <ClCompile Include="m_boss31.c">
      <Filter>Source Files</Filter>
    </ClCompile>
    <ClCompile Include="m_boss32.c">
      <Filter>Source Files</Filter>
    </ClCompile>
    <ClCompile Include="m_brain.c">
      <Filter>Source Files</Filter>
    </ClCompile>
    <ClCompile Include="m_chick.c">
      <Filter>Source Files</Filter>
    </ClCompile>
    <ClCompile Include="m_flash.c">
      <Filter>Source Files</Filter>
    </ClCompile>
    <ClCompile Include="m_flipper.c">
      <Filter>Source Files</Filter>
    </ClCompile>
    <ClCompile Include="m_float.c">
      <Filter>Source Files</Filter>
    </ClCompile>
    <ClCompile Include="m_flyer.c">
      <Filter>Source Files</Filter>
    </ClCompile>
    <ClCompile Include="m_gladiator.c">
      <Filter>Source Files</Filter>
    </ClCompile>
    <ClCompile Include="m_gunner.c">
      <Filter>Source Files</Filter>
    </ClCompile>
    <ClCompile Include="m_hover.c">
      <Filter>Source Files</Filter>
    </ClCompile>
    <ClCompile Include="m_infantry.c">
      <Filter>Source Files</Filter>
    </ClCompile>
    <ClCompile Include="m_insane.c">
      <Filter>Source Files</Filter>
    </ClCompile>
    <ClCompile Include="m_medic.c">
      <Filter>Source Files</Filter>
    </ClCompile>
    <ClCompile Include="m_move.c">
      <Filter>Source Files</Filter>
    </ClCompile>
    <ClCompile Include="m_mutant.c">
      <Filter>Source Files</Filter>
    </ClCompile>
    <ClCompile Include="m_parasite.c">
      <Filter>Source Files</Filter>
    </ClCompile>
    <ClCompile Include="m_soldier.c">
      <Filter>Source Files</Filter>
    </ClCompile>
    <ClCompile Include="m_supertank.c">
      <Filter>Source Files</Filter>
    </ClCompile>
    <ClCompile Include="m_tank.c">
      <Filter>Source Files</Filter>
    </ClCompile>
    <ClCompile Include="oak.c">
      <Filter>Source Files</Filter>
    </ClCompile>
    <ClCompile Include="oakai.c">
      <Filter>Source Files</Filter>
    </ClCompile>
    <ClCompile Include="p_client.c">
      <Filter>Source Files</Filter>
    </ClCompile>
    <ClCompile Include="p_hook.c">
      <Filter>Source Files</Filter>
    </ClCompile>
    <ClCompile Include="p_hud.c">
      <Filter>Source Files</Filter>
    </ClCompile>
    <ClCompile Include="p_menu.c">
      <Filter>Source Files</Filter>
    </ClCompile>
    <ClCompile Include="p_trail.c">
      <Filter>Source Files</Filter>
    </ClCompile>
    <ClCompile Include="p_view.c">
      <Filter>Source Files</Filter>
    </ClCompile>
    <ClCompile Include="p_weapon.c">
      <Filter>Source Files</Filter>
    </ClCompile>
    <ClCompile Include="q_shared.c">
      <Filter>Source Files</Filter>
    </ClCompile>
    <ClCompile Include="s_cam.c">
      <Filter>Source Files</Filter>
    </ClCompile>
    <ClCompile Include="kamikaze.c">
      <Filter>Lox Extensions</Filter>
    </ClCompile>
    <ClCompile Include="l_voting.c">
      <Filter>Lox Extensions</Filter>
    </ClCompile>
    <ClCompile Include="l_airfist.c">
      <Filter>Lox Extensions</Filter>
    </ClCompile>
    <ClCompile Include="l_angelob.c">
      <Filter>Lox Extensions</Filter>
    </ClCompile>
    <ClCompile Include="l_angeloblind.c">
      <Filter>Lox Extensions</Filter>
    </ClCompile>
    <ClCompile Include="l_angelod.c">
      <Filter>Lox Extensions</Filter>
    </ClCompile>
    <ClCompile Include="l_angeloe.c">
      <Filter>Lox Extensions</Filter>
    </ClCompile>
    <ClCompile Include="l_angelof.c">
      <Filter>Lox Extensions</Filter>
    </ClCompile>
    <ClCompile Include="l_angeloh.c">
      <Filter>Lox Extensions</Filter>
    </ClCompile>
    <ClCompile Include="l_angelol.c">
      <Filter>Lox Extensions</Filter>
    </ClCompile>
    <ClCompile Include="l_angelom.c">
      <Filter>Lox Extensions</Filter>
    </ClCompile>
    <ClCompile Include="l_angelop.c">
      <Filter>Lox Extensions</Filter>
    </ClCompile>
    <ClCompile Include="l_angelor.c">
      <Filter>Lox Extensions</Filter>
    </ClCompile>
    <ClCompile Include="l_angelou.c">
      <Filter>Lox Extensions</Filter>
    </ClCompile>
    <ClCompile Include="l_angels.c">
      <Filter>Lox Extensions</Filter>
    </ClCompile>
    <ClCompile Include="l_antiflaregun.c">
      <Filter>Lox Extensions</Filter>
    </ClCompile>
    <ClCompile Include="l_antimattercannon.c">
      <Filter>Lox Extensions</Filter>
    </ClCompile>
    <ClCompile Include="l_ar_admin.c">
      <Filter>Lox Extensions</Filter>
    </ClCompile>
    <ClCompile Include="l_backpack.c">
      <Filter>Lox Extensions</Filter>
    </ClCompile>
    <ClCompile Include="l_bazookasweeper.c">
      <Filter>Lox Extensions</Filter>
    </ClCompile>
    <ClCompile Include="l_bucky.c">
      <Filter>Lox Extensions</Filter>
    </ClCompile>
    <ClCompile Include="l_chunkgun.c">
      <Filter>Lox Extensions</Filter>
    </ClCompile>
    <ClCompile Include="l_daynight.c">
      <Filter>Lox Extensions</Filter>
    </ClCompile>
    <ClCompile Include="l_disintegrator.c">
      <Filter>Lox Extensions</Filter>
    </ClCompile>
    <ClCompile Include="l_dm_grenades.c">
      <Filter>Lox Extensions</Filter>
    </ClCompile>
    <ClCompile Include="l_doubleimpact.c">
      <Filter>Lox Extensions</Filter>
    </ClCompile>
    <ClCompile Include="l_durg.c">
      <Filter>Lox Extensions</Filter>
    </ClCompile>
    <ClCompile Include="l_durgsweeper.c">
      <Filter>Lox Extensions</Filter>
    </ClCompile>
    <ClCompile Include="l_energyvortex.c">
      <Filter>Lox Extensions</Filter>
    </ClCompile>
    <ClCompile Include="l_explosivemachinegun.c">
      <Filter>Lox Extensions</Filter>
    </ClCompile>
    <ClCompile Include="l_fbfg.c">
      <Filter>Lox Extensions</Filter>
    </ClCompile>
    <ClCompile Include="l_flamesweeper.c">
      <Filter>Lox Extensions</Filter>
    </ClCompile>
    <ClCompile Include="l_flamethrower.c">
      <Filter>Lox Extensions</Filter>
    </ClCompile>
    <ClCompile Include="l_flaregun.c">
      <Filter>Lox Extensions</Filter>
    </ClCompile>
    <ClCompile Include="l_flashlight.c">
      <Filter>Lox Extensions</Filter>
    </ClCompile>
    <ClCompile Include="l_floatingminelauncher.c">
      <Filter>Lox Extensions</Filter>
    </ClCompile>
    <ClCompile Include="l_freezatron.c">
      <Filter>Lox Extensions</Filter>
    </ClCompile>
    <ClCompile Include="l_freezegun.c">
      <Filter>Lox Extensions</Filter>
    </ClCompile>
    <ClCompile Include="l_freezersweeper.c">
      <Filter>Lox Extensions</Filter>
    </ClCompile>
    <ClCompile Include="l_grenadesweeper.c">
      <Filter>Lox Extensions</Filter>
    </ClCompile>
    <ClCompile Include="l_guidednuke.c">
      <Filter>Lox Extensions</Filter>
    </ClCompile>
    <ClCompile Include="l_guidedrocket.c">
      <Filter>Lox Extensions</Filter>
    </ClCompile>
    <ClCompile Include="l_help.c">
      <Filter>Lox Extensions</Filter>
    </ClCompile>
    <ClCompile Include="l_iceballgun.c">
      <Filter>Lox Extensions</Filter>
    </ClCompile>
    <ClCompile Include="l_kaminit.c">
      <Filter>Lox Extensions</Filter>
    </ClCompile>
    <ClCompile Include="l_lightninggun.c">
      <Filter>Lox Extensions</Filter>
    </ClCompile>
    <ClCompile Include="l_mace.c">
      <Filter>Lox Extensions</Filter>
    </ClCompile>
    <ClCompile Include="l_matchplay.c">
      <Filter>Lox Extensions</Filter>
    </ClCompile>
    <ClCompile Include="l_nailgun.c">
      <Filter>Lox Extensions</Filter>
    </ClCompile>
    <ClCompile Include="l_nuke.c">
      <Filter>Lox Extensions</Filter>
    </ClCompile>
    <ClCompile Include="l_nukegrenade.c">
      <Filter>Lox Extensions</Filter>
    </ClCompile>
    <ClCompile Include="l_plasmarifle.c">
      <Filter>Lox Extensions</Filter>
    </ClCompile>
    <ClCompile Include="l_positron.c">
      <Filter>Lox Extensions</Filter>
    </ClCompile>
    <ClCompile Include="l_pulserifle.c">
      <Filter>Lox Extensions</Filter>
    </ClCompile>
    <ClCompile Include="l_railgunsweeper.c">
      <Filter>Lox Extensions</Filter>
    </ClCompile>
    <ClCompile Include="l_rockets.c">
      <Filter>Lox Extensions</Filter>
    </ClCompile>
    <ClCompile Include="l_snipersweeper.c">
      <Filter>Lox Extensions</Filter>
    </ClCompile>
    <ClCompile Include="l_spiralrocket.c">
      <Filter>Lox Extensions</Filter>
    </ClCompile>
    <ClCompile Include="l_stickinggrenades.c">
      <Filter>Lox Extensions</Filter>
    </ClCompile>
    <ClCompile Include="l_stickygrenadesweeper.c">
      <Filter>Lox Extensions</Filter>
    </ClCompile>
    <ClCompile Include="l_superblaster.c">
      <Filter>Lox Extensions</Filter>
    </ClCompile>
    <ClCompile Include="l_superblastersweeper.c">
      <Filter>Lox Extensions</Filter>
    </ClCompile>
    <ClCompile Include="l_superrailshotgun.c">
      <Filter>Lox Extensions</Filter>
    </ClCompile>
    <ClCompile Include="l_sword.c">
      <Filter>Lox Extensions</Filter>
    </ClCompile>
    <ClCompile Include="l_tracker.c">
      <Filter>Lox Extensions</Filter>
    </ClCompile>
    <ClCompile Include="l_turret.c">
      <Filter>Lox Extensions</Filter>
    </ClCompile>
    <ClCompile Include="l_vacuummaker.c">
      <Filter>Lox Extensions</Filter>
    </ClCompile>
    <ClCompile Include="lasertrip.c">
      <Filter>Lox Extensions</Filter>
    </ClCompile>
    <ClCompile Include="lsight.c">
      <Filter>Lox Extensions</Filter>
    </ClCompile>
    <ClCompile Include="lithhook.c">
      <Filter>Lox Extensions</Filter>
    </ClCompile>
    <ClCompile Include="scanner.c">
      <Filter>Lox Extensions</Filter>
    </ClCompile>
    <ClCompile Include="wf_decoy.c">
      <Filter>Lox Extensions</Filter>
    </ClCompile>
    <ClCompile Include="x_fbomb.c">
      <Filter>Lox Extensions</Filter>
    </ClCompile>
    <ClCompile Include="x_fire.c">
      <Filter>Lox Extensions</Filter>
    </ClCompile>
    <ClCompile Include="zbotcheck.c">
      <Filter>Lox Extensions</Filter>
    </ClCompile>
    <ClCompile Include="unicast_snd.c">
      <Filter>Lox Extensions</Filter>
    </ClCompile>
    <ClCompile Include="performance.c">
      <Filter>Lox Extensions</Filter>
    </ClCompile>
    <ClCompile Include="maplist.c">
      <Filter>Lox Extensions</Filter>
    </ClCompile>
    <ClCompile Include="g_offworld.c">
      <Filter>Lox Extensions</Filter>
    </ClCompile>
  </ItemGroup>
  <ItemGroup>
    <ClInclude Include="g_local.h">
      <Filter>Header Files</Filter>
    </ClInclude>
    <ClInclude Include="g_team.h">
      <Filter>Header Files</Filter>
    </ClInclude>
    <ClInclude Include="g_weapon.h">
      <Filter>Header Files</Filter>
    </ClInclude>
    <ClInclude Include="game.h">
      <Filter>Header Files</Filter>
    </ClInclude>
    <ClInclude Include="kamikaze.h">
      <Filter>Header Files</Filter>
    </ClInclude>
    <ClInclude Include="l_airfist.h">
      <Filter>Header Files</Filter>
    </ClInclude>
    <ClInclude Include="l_angels.h">
      <Filter>Header Files</Filter>
    </ClInclude>
    <ClInclude Include="l_antiflaregun.h">
      <Filter>Header Files</Filter>
    </ClInclude>
    <ClInclude Include="l_antimattercannon.h">
      <Filter>Header Files</Filter>
    </ClInclude>
    <ClInclude Include="l_ar_admin.h">
      <Filter>Header Files</Filter>
    </ClInclude>
    <ClInclude Include="l_backpack.h">
      <Filter>Header Files</Filter>
    </ClInclude>
    <ClInclude Include="l_banner.h">
      <Filter>Header Files</Filter>
    </ClInclude>
    <ClInclude Include="l_bucky.h">
      <Filter>Header Files</Filter>
    </ClInclude>
    <ClInclude Include="l_chunkgun.h">
      <Filter>Header Files</Filter>
    </ClInclude>
    <ClInclude Include="l_disintegrator.h">
      <Filter>Header Files</Filter>
    </ClInclude>
    <ClInclude Include="l_dm_grenades.h">
      <Filter>Header Files</Filter>
    </ClInclude>
    <ClInclude Include="l_doubleimpact.h">
      <Filter>Header Files</Filter>
    </ClInclude>
    <ClInclude Include="l_durg.h">
      <Filter>Header Files</Filter>
    </ClInclude>
    <ClInclude Include="l_durgsweeper.h">
      <Filter>Header Files</Filter>
    </ClInclude>
    <ClInclude Include="l_energyvortex.h">
      <Filter>Header Files</Filter>
    </ClInclude>
    <ClInclude Include="l_fbfg.h">
      <Filter>Header Files</Filter>
    </ClInclude>
    <ClInclude Include="l_flamesweeper.h">
      <Filter>Header Files</Filter>
    </ClInclude>
    <ClInclude Include="l_flaregun.h">
      <Filter>Header Files</Filter>
    </ClInclude>
    <ClInclude Include="l_flashlight.h">
      <Filter>Header Files</Filter>
    </ClInclude>
    <ClInclude Include="l_freezatron.h">
      <Filter>Header Files</Filter>
    </ClInclude>
    <ClInclude Include="l_freezegun.h">
      <Filter>Header Files</Filter>
    </ClInclude>
    <ClInclude Include="l_help.h">
      <Filter>Header Files</Filter>
    </ClInclude>
    <ClInclude Include="l_iceballgun.h">
      <Filter>Header Files</Filter>
    </ClInclude>
    <ClInclude Include="l_kaminit.h">
      <Filter>Header Files</Filter>
    </ClInclude>
    <ClInclude Include="l_lightninggun.h">
      <Filter>Header Files</Filter>
    </ClInclude>
    <ClInclude Include="l_mace.h">
      <Filter>Header Files</Filter>
    </ClInclude>
    <ClInclude Include="l_nailgun.h">
      <Filter>Header Files</Filter>
    </ClInclude>
    <ClInclude Include="l_nuke.h">
      <Filter>Header Files</Filter>
    </ClInclude>
    <ClInclude Include="l_nukegrenade.h">
      <Filter>Header Files</Filter>
    </ClInclude>
    <ClInclude Include="l_positron.h">
      <Filter>Header Files</Filter>
    </ClInclude>
    <ClInclude Include="l_pulserifle.h">
      <Filter>Header Files</Filter>
    </ClInclude>
    <ClInclude Include="l_rockets.h">
      <Filter>Header Files</Filter>
    </ClInclude>
    <ClInclude Include="l_spiralrocket.h">
      <Filter>Header Files</Filter>
    </ClInclude>
    <ClInclude Include="l_stickinggrenades.h">
      <Filter>Header Files</Filter>
    </ClInclude>
    <ClInclude Include="l_superrailshotgun.h">
      <Filter>Header Files</Filter>
    </ClInclude>
    <ClInclude Include="l_sword.h">
      <Filter>Header Files</Filter>
    </ClInclude>
    <ClInclude Include="l_tracker.h">
      <Filter>Header Files</Filter>
    </ClInclude>
    <ClInclude Include="l_turret.h">
      <Filter>Header Files</Filter>
    </ClInclude>
    <ClInclude Include="l_vacuummaker.h">
      <Filter>Header Files</Filter>
    </ClInclude>
    <ClInclude Include="l_voting.h">
      <Filter>Header Files</Filter>
    </ClInclude>
    <ClInclude Include="lithhook.h">
      <Filter>Header Files</Filter>
    </ClInclude>
    <ClInclude Include="m_actor.h">
      <Filter>Header Files</Filter>
    </ClInclude>
    <ClInclude Include="m_berserk.h">
      <Filter>Header Files</Filter>
    </ClInclude>
    <ClInclude Include="m_boss2.h">
      <Filter>Header Files</Filter>
    </ClInclude>
    <ClInclude Include="m_boss31.h">
      <Filter>Header Files</Filter>
    </ClInclude>
    <ClInclude Include="m_boss32.h">
      <Filter>Header Files</Filter>
    </ClInclude>
    <ClInclude Include="m_brain.h">
      <Filter>Header Files</Filter>
    </ClInclude>
    <ClInclude Include="m_chick.h">
      <Filter>Header Files</Filter>
    </ClInclude>
    <ClInclude Include="m_flipper.h">
      <Filter>Header Files</Filter>
    </ClInclude>
    <ClInclude Include="m_float.h">
      <Filter>Header Files</Filter>
    </ClInclude>
    <ClInclude Include="m_flyer.h">
      <Filter>Header Files</Filter>
    </ClInclude>
    <ClInclude Include="m_gladiator.h">
      <Filter>Header Files</Filter>
    </ClInclude>
    <ClInclude Include="m_gunner.h">
      <Filter>Header Files</Filter>
    </ClInclude>
    <ClInclude Include="m_hover.h">
      <Filter>Header Files</Filter>
    </ClInclude>
    <ClInclude Include="m_infantry.h">
      <Filter>Header Files</Filter>
    </ClInclude>
    <ClInclude Include="m_insane.h">
      <Filter>Header Files</Filter>
    </ClInclude>
    <ClInclude Include="m_medic.h">
      <Filter>Header Files</Filter>
    </ClInclude>
    <ClInclude Include="m_mutant.h">
      <Filter>Header Files</Filter>
    </ClInclude>
    <ClInclude Include="m_parasite.h">
      <Filter>Header Files</Filter>
    </ClInclude>
    <ClInclude Include="m_player.h">
      <Filter>Header Files</Filter>
    </ClInclude>
    <ClInclude Include="m_rider.h">
      <Filter>Header Files</Filter>
    </ClInclude>
    <ClInclude Include="m_soldier.h">
      <Filter>Header Files</Filter>
    </ClInclude>
    <ClInclude Include="m_supertank.h">
      <Filter>Header Files</Filter>
    </ClInclude>
    <ClInclude Include="m_tank.h">
      <Filter>Header Files</Filter>
    </ClInclude>
    <ClInclude Include="maplist.h">
      <Filter>Header Files</Filter>
    </ClInclude>
    <ClInclude Include="oak.h">
      <Filter>Header Files</Filter>
    </ClInclude>
    <ClInclude Include="p_menu.h">
      <Filter>Header Files</Filter>
    </ClInclude>
    <ClInclude Include="performance.h">
      <Filter>Header Files</Filter>
    </ClInclude>
    <ClInclude Include="q_shared.h">
      <Filter>Header Files</Filter>
    </ClInclude>
    <ClInclude Include="resource.h">
      <Filter>Header Files</Filter>
    </ClInclude>
    <ClInclude Include="scanner.h">
      <Filter>Header Files</Filter>
    </ClInclude>
    <ClInclude Include="ver_resource.h">
      <Filter>Header Files</Filter>
    </ClInclude>
    <ClInclude Include="x_fbomb.h">
      <Filter>Header Files</Filter>
    </ClInclude>
    <ClInclude Include="x_fire.h">
      <Filter>Header Files</Filter>
    </ClInclude>
    <ClInclude Include="resource1.h">
      <Filter>Header Files</Filter>
    </ClInclude>
  </ItemGroup>
  <ItemGroup>
    <ResourceCompile Include="LOX2010.rc">
      <Filter>Resource Files</Filter>
    </ResourceCompile>
  </ItemGroup>
  <ItemGroup>
    <None Include="game.def">
      <Filter>Resource Files</Filter>
    </None>
    <None Include="makefile" />
  </ItemGroup>
</Project>